
Microsoft Visual Studio Solution File, Format Version 12.00
# Visual Studio Version 17
VisualStudioVersion = 17.0.31903.59
MinimumVisualStudioVersion = 10.0.40219.1
Project("{2150E333-8FDC-42A3-9474-1A3956D46DE8}") = "src", "src", "{C4ACBF5A-E236-4CF8-A097-61CE303B86BB}"
EndProject
Project("{2150E333-8FDC-42A3-9474-1A3956D46DE8}") = "Shared", "Shared", "{4CC006B4-7D5F-4E99-A87A-E945868262BD}"
EndProject
Project("{FAE04EC0-301F-11D3-BF4B-00C04F79EFBC}") = "MedClaim.Shared", "src\Shared\MedClaim.Shared\MedClaim.Shared.csproj", "{1C492F57-1168-461B-9234-A00D6ADC6AE9}"
EndProject
Project("{2150E333-8FDC-42A3-9474-1A3956D46DE8}") = "Services", "Services", "{638ED47A-AEC2-4F61-B232-F0FE9029820C}"
EndProject
Project("{2150E333-8FDC-42A3-9474-1A3956D46DE8}") = "Claims", "Claims", "{0A7C2CCD-3A55-47D9-B552-DC1065FF1F8F}"
EndProject
Project("{FAE04EC0-301F-11D3-BF4B-00C04F79EFBC}") = "MedClaim.Claims.Domain", "src\Services\Claims\MedClaim.Claims.Domain\MedClaim.Claims.Domain.csproj", "{3A09103E-E61D-4DE2-A3C0-0047FB1F32BA}"
EndProject
Project("{FAE04EC0-301F-11D3-BF4B-00C04F79EFBC}") = "MedClaim.Claims.Application", "src\Services\Claims\MedClaim.Claims.Application\MedClaim.Claims.Application.csproj", "{8FEAC66C-1C05-436B-BD72-E4E2BBC36470}"
EndProject
Project("{FAE04EC0-301F-11D3-BF4B-00C04F79EFBC}") = "MedClaim.Claims.Infrastructure", "src\Services\Claims\MedClaim.Claims.Infrastructure\MedClaim.Claims.Infrastructure.csproj", "{36A5C6C9-FAC6-4755-A422-13127D1B860C}"
EndProject
Project("{FAE04EC0-301F-11D3-BF4B-00C04F79EFBC}") = "MedClaim.Claims.API", "src\Services\Claims\MedClaim.Claims.API\MedClaim.Claims.API.csproj", "{212A71A7-A632-4158-9F3C-A7415F823F96}"
EndProject
Project("{2150E333-8FDC-42A3-9474-1A3956D46DE8}") = "Policy", "Policy", "{B6BB551B-9A1F-4A97-99E1-E3A54AE1CDF0}"
EndProject
Project("{FAE04EC0-301F-11D3-BF4B-00C04F79EFBC}") = "MedClaim.Policy.Domain", "src\Services\Policy\MedClaim.Policy.Domain\MedClaim.Policy.Domain.csproj", "{92D32892-286D-48FB-BA3C-46D2C85E99FD}"
EndProject
Project("{FAE04EC0-301F-11D3-BF4B-00C04F79EFBC}") = "MedClaim.Policy.Application", "src\Services\Policy\MedClaim.Policy.Application\MedClaim.Policy.Application.csproj", "{2D12B97C-611E-400F-8153-920B8252CB6D}"
EndProject
Project("{FAE04EC0-301F-11D3-BF4B-00C04F79EFBC}") = "MedClaim.Policy.Infrastructure", "src\Services\Policy\MedClaim.Policy.Infrastructure\MedClaim.Policy.Infrastructure.csproj", "{F2D9E082-B028-4F82-8C63-D8FA37D2C379}"
EndProject
Project("{FAE04EC0-301F-11D3-BF4B-00C04F79EFBC}") = "MedClaim.Policy.API", "src\Services\Policy\MedClaim.Policy.API\MedClaim.Policy.API.csproj", "{D52F4F73-DE77-4355-A3A8-4B0B834AEEB7}"
EndProject
Project("{2150E333-8FDC-42A3-9474-1A3956D46DE8}") = "Notification", "Notification", "{3E1F421E-9030-495F-8571-4C292E9938F8}"
EndProject
Project("{FAE04EC0-301F-11D3-BF4B-00C04F79EFBC}") = "MedClaim.Notification.Worker", "src\Services\Notification\MedClaim.Notification.Worker\MedClaim.Notification.Worker.csproj", "{BFD1492F-84D7-4599-B7B9-6FBCEA6558E0}"
EndProject
Project("{FAE04EC0-301F-11D3-BF4B-00C04F79EFBC}") = "MedClaim.Notification.Application", "src\Services\Notification\MedClaim.Notification.Application\MedClaim.Notification.Application.csproj", "{0FD9CE7B-ADB3-4E22-93F7-71CA363FACC1}"
EndProject
Project("{2150E333-8FDC-42A3-9474-1A3956D46DE8}") = "Gateway", "Gateway", "{8B9B793E-0E0A-47EA-8369-7A4BBF380700}"
EndProject
Project("{FAE04EC0-301F-11D3-BF4B-00C04F79EFBC}") = "MedClaim.Gateway", "src\Gateway\MedClaim.Gateway\MedClaim.Gateway.csproj", "{7C63908F-8A3D-4D3B-ACB9-1BA74A8BF680}"
EndProject
Project("{2150E333-8FDC-42A3-9474-1A3956D46DE8}") = "tests", "tests", "{D46B08FD-C447-4708-9C69-BD33ECE86A19}"
EndProject
Project("{FAE04EC0-301F-11D3-BF4B-00C04F79EFBC}") = "MedClaim.Claims.Tests", "tests\MedClaim.Claims.Tests\MedClaim.Claims.Tests.csproj", "{6CD8DBE7-FB94-4EE6-B3C4-31D8785B1D33}"
EndProject
Project("{FAE04EC0-301F-11D3-BF4B-00C04F79EFBC}") = "MedClaim.Policy.Tests", "tests\MedClaim.Policy.Tests\MedClaim.Policy.Tests.csproj", "{F973DBB0-D0F4-4B85-888F-7533ABB20A5C}"
EndProject
Project("{2150E333-8FDC-42A3-9474-1A3956D46DE8}") = "SupportingFiles", "SupportingFiles", "{02EA681E-C7D8-13C7-8484-4AC65E1B71E8}"
	ProjectSection(SolutionItems) = preProject
		Architecture.md = Architecture.md
		CQRS_CleanArchitecture.md = CQRS_CleanArchitecture.md
		GetClaimByIdQueryFlow.md = GetClaimByIdQueryFlow.md
		EntityRelationships.md = EntityRelationships.md
		OutboxPattern.md = OutboxPattern.md
		SubmitClaimSequence.md = SubmitClaimSequence.md
	EndProjectSection
EndProject
Project("{2150E333-8FDC-42A3-9474-1A3956D46DE8}") = "Solution Items", "Solution Items", "{8EC462FD-D22E-90A8-E5CE-7E832BA40C5D}"
	ProjectSection(SolutionItems) = preProject
		docker-compose.yml = docker-compose.yml
	EndProjectSection
EndProject
Global
	GlobalSection(SolutionConfigurationPlatforms) = preSolution
		Debug|Any CPU = Debug|Any CPU
		Release|Any CPU = Release|Any CPU
	EndGlobalSection
	GlobalSection(ProjectConfigurationPlatforms) = postSolution
		{1C492F57-1168-461B-9234-A00D6ADC6AE9}.Debug|Any CPU.ActiveCfg = Debug|Any CPU
		{1C492F57-1168-461B-9234-A00D6ADC6AE9}.Debug|Any CPU.Build.0 = Debug|Any CPU
		{1C492F57-1168-461B-9234-A00D6ADC6AE9}.Release|Any CPU.ActiveCfg = Release|Any CPU
		{1C492F57-1168-461B-9234-A00D6ADC6AE9}.Release|Any CPU.Build.0 = Release|Any CPU
		{3A09103E-E61D-4DE2-A3C0-0047FB1F32BA}.Debug|Any CPU.ActiveCfg = Debug|Any CPU
		{3A09103E-E61D-4DE2-A3C0-0047FB1F32BA}.Debug|Any CPU.Build.0 = Debug|Any CPU
		{3A09103E-E61D-4DE2-A3C0-0047FB1F32BA}.Release|Any CPU.ActiveCfg = Release|Any CPU
		{3A09103E-E61D-4DE2-A3C0-0047FB1F32BA}.Release|Any CPU.Build.0 = Release|Any CPU
		{8FEAC66C-1C05-436B-BD72-E4E2BBC36470}.Debug|Any CPU.ActiveCfg = Debug|Any CPU
		{8FEAC66C-1C05-436B-BD72-E4E2BBC36470}.Debug|Any CPU.Build.0 = Debug|Any CPU
		{8FEAC66C-1C05-436B-BD72-E4E2BBC36470}.Release|Any CPU.ActiveCfg = Release|Any CPU
		{8FEAC66C-1C05-436B-BD72-E4E2BBC36470}.Release|Any CPU.Build.0 = Release|Any CPU
		{36A5C6C9-FAC6-4755-A422-13127D1B860C}.Debug|Any CPU.ActiveCfg = Debug|Any CPU
		{36A5C6C9-FAC6-4755-A422-13127D1B860C}.Debug|Any CPU.Build.0 = Debug|Any CPU
		{36A5C6C9-FAC6-4755-A422-13127D1B860C}.Release|Any CPU.ActiveCfg = Release|Any CPU
		{36A5C6C9-FAC6-4755-A422-13127D1B860C}.Release|Any CPU.Build.0 = Release|Any CPU
		{212A71A7-A632-4158-9F3C-A7415F823F96}.Debug|Any CPU.ActiveCfg = Debug|Any CPU
		{212A71A7-A632-4158-9F3C-A7415F823F96}.Debug|Any CPU.Build.0 = Debug|Any CPU
		{212A71A7-A632-4158-9F3C-A7415F823F96}.Release|Any CPU.ActiveCfg = Release|Any CPU
		{212A71A7-A632-4158-9F3C-A7415F823F96}.Release|Any CPU.Build.0 = Release|Any CPU
		{92D32892-286D-48FB-BA3C-46D2C85E99FD}.Debug|Any CPU.ActiveCfg = Debug|Any CPU
		{92D32892-286D-48FB-BA3C-46D2C85E99FD}.Debug|Any CPU.Build.0 = Debug|Any CPU
		{92D32892-286D-48FB-BA3C-46D2C85E99FD}.Release|Any CPU.ActiveCfg = Release|Any CPU
		{92D32892-286D-48FB-BA3C-46D2C85E99FD}.Release|Any CPU.Build.0 = Release|Any CPU
		{2D12B97C-611E-400F-8153-920B8252CB6D}.Debug|Any CPU.ActiveCfg = Debug|Any CPU
		{2D12B97C-611E-400F-8153-920B8252CB6D}.Debug|Any CPU.Build.0 = Debug|Any CPU
		{2D12B97C-611E-400F-8153-920B8252CB6D}.Release|Any CPU.ActiveCfg = Release|Any CPU
		{2D12B97C-611E-400F-8153-920B8252CB6D}.Release|Any CPU.Build.0 = Release|Any CPU
		{F2D9E082-B028-4F82-8C63-D8FA37D2C379}.Debug|Any CPU.ActiveCfg = Debug|Any CPU
		{F2D9E082-B028-4F82-8C63-D8FA37D2C379}.Debug|Any CPU.Build.0 = Debug|Any CPU
		{F2D9E082-B028-4F82-8C63-D8FA37D2C379}.Release|Any CPU.ActiveCfg = Release|Any CPU
		{F2D9E082-B028-4F82-8C63-D8FA37D2C379}.Release|Any CPU.Build.0 = Release|Any CPU
		{D52F4F73-DE77-4355-A3A8-4B0B834AEEB7}.Debug|Any CPU.ActiveCfg = Debug|Any CPU
		{D52F4F73-DE77-4355-A3A8-4B0B834AEEB7}.Debug|Any CPU.Build.0 = Debug|Any CPU
		{D52F4F73-DE77-4355-A3A8-4B0B834AEEB7}.Release|Any CPU.ActiveCfg = Release|Any CPU
		{D52F4F73-DE77-4355-A3A8-4B0B834AEEB7}.Release|Any CPU.Build.0 = Release|Any CPU
		{BFD1492F-84D7-4599-B7B9-6FBCEA6558E0}.Debug|Any CPU.ActiveCfg = Debug|Any CPU
		{BFD1492F-84D7-4599-B7B9-6FBCEA6558E0}.Debug|Any CPU.Build.0 = Debug|Any CPU
		{BFD1492F-84D7-4599-B7B9-6FBCEA6558E0}.Release|Any CPU.ActiveCfg = Release|Any CPU
		{BFD1492F-84D7-4599-B7B9-6FBCEA6558E0}.Release|Any CPU.Build.0 = Release|Any CPU
		{0FD9CE7B-ADB3-4E22-93F7-71CA363FACC1}.Debug|Any CPU.ActiveCfg = Debug|Any CPU
		{0FD9CE7B-ADB3-4E22-93F7-71CA363FACC1}.Debug|Any CPU.Build.0 = Debug|Any CPU
		{0FD9CE7B-ADB3-4E22-93F7-71CA363FACC1}.Release|Any CPU.ActiveCfg = Release|Any CPU
		{0FD9CE7B-ADB3-4E22-93F7-71CA363FACC1}.Release|Any CPU.Build.0 = Release|Any CPU
		{7C63908F-8A3D-4D3B-ACB9-1BA74A8BF680}.Debug|Any CPU.ActiveCfg = Debug|Any CPU
		{7C63908F-8A3D-4D3B-ACB9-1BA74A8BF680}.Debug|Any CPU.Build.0 = Debug|Any CPU
		{7C63908F-8A3D-4D3B-ACB9-1BA74A8BF680}.Release|Any CPU.ActiveCfg = Release|Any CPU
		{7C63908F-8A3D-4D3B-ACB9-1BA74A8BF680}.Release|Any CPU.Build.0 = Release|Any CPU
		{6CD8DBE7-FB94-4EE6-B3C4-31D8785B1D33}.Debug|Any CPU.ActiveCfg = Debug|Any CPU
		{6CD8DBE7-FB94-4EE6-B3C4-31D8785B1D33}.Debug|Any CPU.Build.0 = Debug|Any CPU
		{6CD8DBE7-FB94-4EE6-B3C4-31D8785B1D33}.Release|Any CPU.ActiveCfg = Release|Any CPU
		{6CD8DBE7-FB94-4EE6-B3C4-31D8785B1D33}.Release|Any CPU.Build.0 = Release|Any CPU
		{F973DBB0-D0F4-4B85-888F-7533ABB20A5C}.Debug|Any CPU.ActiveCfg = Debug|Any CPU
		{F973DBB0-D0F4-4B85-888F-7533ABB20A5C}.Debug|Any CPU.Build.0 = Debug|Any CPU
		{F973DBB0-D0F4-4B85-888F-7533ABB20A5C}.Release|Any CPU.ActiveCfg = Release|Any CPU
		{F973DBB0-D0F4-4B85-888F-7533ABB20A5C}.Release|Any CPU.Build.0 = Release|Any CPU
	EndGlobalSection
	GlobalSection(SolutionProperties) = preSolution
		HideSolutionNode = FALSE
	EndGlobalSection
	GlobalSection(NestedProjects) = preSolution
		{4CC006B4-7D5F-4E99-A87A-E945868262BD} = {C4ACBF5A-E236-4CF8-A097-61CE303B86BB}
		{1C492F57-1168-461B-9234-A00D6ADC6AE9} = {4CC006B4-7D5F-4E99-A87A-E945868262BD}
		{638ED47A-AEC2-4F61-B232-F0FE9029820C} = {C4ACBF5A-E236-4CF8-A097-61CE303B86BB}
		{0A7C2CCD-3A55-47D9-B552-DC1065FF1F8F} = {638ED47A-AEC2-4F61-B232-F0FE9029820C}
		{3A09103E-E61D-4DE2-A3C0-0047FB1F32BA} = {0A7C2CCD-3A55-47D9-B552-DC1065FF1F8F}
		{8FEAC66C-1C05-436B-BD72-E4E2BBC36470} = {0A7C2CCD-3A55-47D9-B552-DC1065FF1F8F}
		{36A5C6C9-FAC6-4755-A422-13127D1B860C} = {0A7C2CCD-3A55-47D9-B552-DC1065FF1F8F}
		{212A71A7-A632-4158-9F3C-A7415F823F96} = {0A7C2CCD-3A55-47D9-B552-DC1065FF1F8F}
		{B6BB551B-9A1F-4A97-99E1-E3A54AE1CDF0} = {638ED47A-AEC2-4F61-B232-F0FE9029820C}
		{92D32892-286D-48FB-BA3C-46D2C85E99FD} = {B6BB551B-9A1F-4A97-99E1-E3A54AE1CDF0}
		{2D12B97C-611E-400F-8153-920B8252CB6D} = {B6BB551B-9A1F-4A97-99E1-E3A54AE1CDF0}
		{F2D9E082-B028-4F82-8C63-D8FA37D2C379} = {B6BB551B-9A1F-4A97-99E1-E3A54AE1CDF0}
		{D52F4F73-DE77-4355-A3A8-4B0B834AEEB7} = {B6BB551B-9A1F-4A97-99E1-E3A54AE1CDF0}
		{3E1F421E-9030-495F-8571-4C292E9938F8} = {638ED47A-AEC2-4F61-B232-F0FE9029820C}
		{BFD1492F-84D7-4599-B7B9-6FBCEA6558E0} = {3E1F421E-9030-495F-8571-4C292E9938F8}
		{0FD9CE7B-ADB3-4E22-93F7-71CA363FACC1} = {3E1F421E-9030-495F-8571-4C292E9938F8}
		{8B9B793E-0E0A-47EA-8369-7A4BBF380700} = {C4ACBF5A-E236-4CF8-A097-61CE303B86BB}
		{7C63908F-8A3D-4D3B-ACB9-1BA74A8BF680} = {8B9B793E-0E0A-47EA-8369-7A4BBF380700}
		{6CD8DBE7-FB94-4EE6-B3C4-31D8785B1D33} = {D46B08FD-C447-4708-9C69-BD33ECE86A19}
		{F973DBB0-D0F4-4B85-888F-7533ABB20A5C} = {D46B08FD-C447-4708-9C69-BD33ECE86A19}
	EndGlobalSection
	GlobalSection(ExtensibilityGlobals) = postSolution
		SolutionGuid = {70E8A8F2-CDAC-481A-B7C0-E710C3472BAA}
	EndGlobalSection
EndGlobal
